// !$*UTF8*$!
{
	archiveVersion = 1;
	classes = {
	};
	objectVersion = 56;
	objects = {

/* Begin PBXBuildFile section */
		CF74E3FB29C2F0990089F656 /* AppDelegate.swift in Sources */ = {isa = PBXBuildFile; fileRef = CF74E3FA29C2F0990089F656 /* AppDelegate.swift */; };
		CF74E3FD29C2F0990089F656 /* SceneDelegate.swift in Sources */ = {isa = PBXBuildFile; fileRef = CF74E3FC29C2F0990089F656 /* SceneDelegate.swift */; };
		CF74E3FF29C2F0990089F656 /* NotebookViewController.swift in Sources */ = {isa = PBXBuildFile; fileRef = CF74E3FE29C2F0990089F656 /* NotebookViewController.swift */; };
		CF74E40229C2F0990089F656 /* Main.storyboard in Resources */ = {isa = PBXBuildFile; fileRef = CF74E40029C2F0990089F656 /* Main.storyboard */; };
		CF74E40529C2F0990089F656 /* Notes.xcdatamodeld in Sources */ = {isa = PBXBuildFile; fileRef = CF74E40329C2F0990089F656 /* Notes.xcdatamodeld */; };
		CF74E40729C2F09B0089F656 /* Assets.xcassets in Resources */ = {isa = PBXBuildFile; fileRef = CF74E40629C2F09B0089F656 /* Assets.xcassets */; };
		CF74E40A29C2F09B0089F656 /* LaunchScreen.storyboard in Resources */ = {isa = PBXBuildFile; fileRef = CF74E40829C2F09B0089F656 /* LaunchScreen.storyboard */; };
		CF74E41429C2F3A10089F656 /* NotesViewController.swift in Sources */ = {isa = PBXBuildFile; fileRef = CF74E41329C2F3A10089F656 /* NotesViewController.swift */; };
/* End PBXBuildFile section */

/* Begin PBXFileReference section */
		CF74E3F729C2F0990089F656 /* Notes.app */ = {isa = PBXFileReference; explicitFileType = wrapper.application; includeInIndex = 0; path = Notes.app; sourceTree = BUILT_PRODUCTS_DIR; };
		CF74E3FA29C2F0990089F656 /* AppDelegate.swift */ = {isa = PBXFileReference; lastKnownFileType = sourcecode.swift; path = AppDelegate.swift; sourceTree = "<group>"; };
		CF74E3FC29C2F0990089F656 /* SceneDelegate.swift */ = {isa = PBXFileReference; lastKnownFileType = sourcecode.swift; path = SceneDelegate.swift; sourceTree = "<group>"; };
		CF74E3FE29C2F0990089F656 /* NotebookViewController.swift */ = {isa = PBXFileReference; lastKnownFileType = sourcecode.swift; path = NotebookViewController.swift; sourceTree = "<group>"; };
		CF74E40129C2F0990089F656 /* Base */ = {isa = PBXFileReference; lastKnownFileType = file.storyboard; name = Base; path = Base.lproj/Main.storyboard; sourceTree = "<group>"; };
		CF74E40429C2F0990089F656 /* Notes.xcdatamodel */ = {isa = PBXFileReference; lastKnownFileType = wrapper.xcdatamodel; path = Notes.xcdatamodel; sourceTree = "<group>"; };
		CF74E40629C2F09B0089F656 /* Assets.xcassets */ = {isa = PBXFileReference; lastKnownFileType = folder.assetcatalog; path = Assets.xcassets; sourceTree = "<group>"; };
		CF74E40929C2F09B0089F656 /* Base */ = {isa = PBXFileReference; lastKnownFileType = file.storyboard; name = Base; path = Base.lproj/LaunchScreen.storyboard; sourceTree = "<group>"; };
		CF74E40B29C2F09B0089F656 /* Info.plist */ = {isa = PBXFileReference; lastKnownFileType = text.plist.xml; path = Info.plist; sourceTree = "<group>"; };
		CF74E41329C2F3A10089F656 /* NotesViewController.swift */ = {isa = PBXFileReference; lastKnownFileType = sourcecode.swift; path = NotesViewController.swift; sourceTree = "<group>"; };
/* End PBXFileReference section */

/* Begin PBXFrameworksBuildPhase section */
		CF74E3F429C2F0990089F656 /* Frameworks */ = {
			isa = PBXFrameworksBuildPhase;
			buildActionMask = 2147483647;
			files = (
			);
			runOnlyForDeploymentPostprocessing = 0;
		};
/* End PBXFrameworksBuildPhase section */

/* Begin PBXGroup section */
		CF74E3EE29C2F0990089F656 = {
			isa = PBXGroup;
			children = (
				CF74E3F929C2F0990089F656 /* Notes */,
				CF74E3F829C2F0990089F656 /* Products */,
			);
			sourceTree = "<group>";
		};
		CF74E3F829C2F0990089F656 /* Products */ = {
			isa = PBXGroup;
			children = (
				CF74E3F729C2F0990089F656 /* Notes.app */,
			);
			name = Products;
			sourceTree = "<group>";
		};
		CF74E3F929C2F0990089F656 /* Notes */ = {
			isa = PBXGroup;
			children = (
				CF74E3FA29C2F0990089F656 /* AppDelegate.swift */,
				CF74E3FC29C2F0990089F656 /* SceneDelegate.swift */,
				CF74E41129C2F36E0089F656 /* Controller */,
				CF74E41229C2F37F0089F656 /* View */,
				CF74E40629C2F09B0089F656 /* Assets.xcassets */,
				CF74E40829C2F09B0089F656 /* LaunchScreen.storyboard */,
				CF74E40B29C2F09B0089F656 /* Info.plist */,
				CF74E40329C2F0990089F656 /* Notes.xcdatamodeld */,
			);
			path = Notes;
			sourceTree = "<group>";
		};
		CF74E41129C2F36E0089F656 /* Controller */ = {
			isa = PBXGroup;
			children = (
				CF74E41329C2F3A10089F656 /* NotesViewController.swift */,
				CF74E3FE29C2F0990089F656 /* NotebookViewController.swift */,
			);
			path = Controller;
			sourceTree = "<group>";
		};
		CF74E41229C2F37F0089F656 /* View */ = {
			isa = PBXGroup;
			children = (
				CF74E40029C2F0990089F656 /* Main.storyboard */,
			);
			path = View;
			sourceTree = "<group>";
		};
/* End PBXGroup section */

/* Begin PBXNativeTarget section */
		CF74E3F629C2F0990089F656 /* Notes */ = {
			isa = PBXNativeTarget;
			buildConfigurationList = CF74E40E29C2F09B0089F656 /* Build configuration list for PBXNativeTarget "Notes" */;
			buildPhases = (
				CF74E3F329C2F0990089F656 /* Sources */,
				CF74E3F429C2F0990089F656 /* Frameworks */,
				CF74E3F529C2F0990089F656 /* Resources */,
			);
			buildRules = (
			);
			dependencies = (
			);
			name = Notes;
			productName = Notes;
			productReference = CF74E3F729C2F0990089F656 /* Notes.app */;
			productType = "com.apple.product-type.application";
		};
/* End PBXNativeTarget section */

/* Begin PBXProject section */
		CF74E3EF29C2F0990089F656 /* Project object */ = {
			isa = PBXProject;
			attributes = {
				BuildIndependentTargetsInParallel = 1;
				LastSwiftUpdateCheck = 1420;
				LastUpgradeCheck = 1420;
				TargetAttributes = {
					CF74E3F629C2F0990089F656 = {
						CreatedOnToolsVersion = 14.2;
					};
				};
			};
			buildConfigurationList = CF74E3F229C2F0990089F656 /* Build configuration list for PBXProject "Notes" */;
			compatibilityVersion = "Xcode 14.0";
			developmentRegion = en;
			hasScannedForEncodings = 0;
			knownRegions = (
				en,
				Base,
			);
			mainGroup = CF74E3EE29C2F0990089F656;
			productRefGroup = CF74E3F829C2F0990089F656 /* Products */;
			projectDirPath = "";
			projectRoot = "";
			targets = (
				CF74E3F629C2F0990089F656 /* Notes */,
			);
		};
/* End PBXProject section */

/* Begin PBXResourcesBuildPhase section */
		CF74E3F529C2F0990089F656 /* Resources */ = {
			isa = PBXResourcesBuildPhase;
			buildActionMask = 2147483647;
			files = (
				CF74E40A29C2F09B0089F656 /* LaunchScreen.storyboard in Resources */,
				CF74E40729C2F09B0089F656 /* Assets.xcassets in Resources */,
				CF74E40229C2F0990089F656 /* Main.storyboard in Resources */,
			);
			runOnlyForDeploymentPostprocessing = 0;
		};
/* End PBXResourcesBuildPhase section */

/* Begin PBXSourcesBuildPhase section */
		CF74E3F329C2F0990089F656 /* Sources */ = {
			isa = PBXSourcesBuildPhase;
			buildActionMask = 2147483647;
			files = (
				CF74E3FF29C2F0990089F656 /* NotebookViewController.swift in Sources */,
				CF74E3FB29C2F0990089F656 /* AppDelegate.swift in Sources */,
				CF74E3FD29C2F0990089F656 /* SceneDelegate.swift in Sources */,
				CF74E41429C2F3A10089F656 /* NotesViewController.swift in Sources */,
				CF74E40529C2F0990089F656 /* Notes.xcdatamodeld in Sources */,
			);
			runOnlyForDeploymentPostprocessing = 0;
		};
/* End PBXSourcesBuildPhase section */

/* Begin PBXVariantGroup section */
		CF74E40029C2F0990089F656 /* Main.storyboard */ = {
			isa = PBXVariantGroup;
			children = (
				CF74E40129C2F0990089F656 /* Base */,
			);
			name = Main.storyboard;
			sourceTree = "<group>";
		};
		CF74E40829C2F09B0089F656 /* LaunchScreen.storyboard */ = {
			isa = PBXVariantGroup;
			children = (
				CF74E40929C2F09B0089F656 /* Base */,
			);
			name = LaunchScreen.storyboard;
			sourceTree = "<group>";
		};
/* End PBXVariantGroup section */

/* Begin XCBuildConfiguration section */
		CF74E40C29C2F09B0089F656 /* Debug */ = {
			isa = XCBuildConfiguration;
			buildSettings = {
				ALWAYS_SEARCH_USER_PATHS = NO;
				CLANG_ANALYZER_NONNULL = YES;
				CLANG_ANALYZER_NUMBER_OBJECT_CONVERSION = YES_AGGRESSIVE;
				CLANG_CXX_LANGUAGE_STANDARD = "gnu++20";
				CLANG_ENABLE_MODULES = YES;
				CLANG_ENABLE_OBJC_ARC = YES;
				CLANG_ENABLE_OBJC_WEAK = YES;
				CLANG_WARN_BLOCK_CAPTURE_AUTORELEASING = YES;
				CLANG_WARN_BOOL_CONVERSION = YES;
				CLANG_WARN_COMMA = YES;
				CLANG_WARN_CONSTANT_CONVERSION = YES;
				CLANG_WARN_DEPRECATED_OBJC_IMPLEMENTATIONS = YES;
				CLANG_WARN_DIRECT_OBJC_ISA_USAGE = YES_ERROR;
				CLANG_WARN_DOCUMENTATION_COMMENTS = YES;
				CLANG_WARN_EMPTY_BODY = YES;
				CLANG_WARN_ENUM_CONVERSION = YES;
				CLANG_WARN_INFINITE_RECURSION = YES;
				CLANG_WARN_INT_CONVERSION = YES;
				CLANG_WARN_NON_LITERAL_NULL_CONVERSION = YES;
				CLANG_WARN_OBJC_IMPLICIT_RETAIN_SELF = YES;
				CLANG_WARN_OBJC_LITERAL_CONVERSION = YES;
				CLANG_WARN_OBJC_ROOT_CLASS = YES_ERROR;
				CLANG_WARN_QUOTED_INCLUDE_IN_FRAMEWORK_HEADER = YES;
				CLANG_WARN_RANGE_LOOP_ANALYSIS = YES;
				CLANG_WARN_STRICT_PROTOTYPES = YES;
				CLANG_WARN_SUSPICIOUS_MOVE = YES;
				CLANG_WARN_UNGUARDED_AVAILABILITY = YES_AGGRESSIVE;
				CLANG_WARN_UNREACHABLE_CODE = YES;
				CLANG_WARN__DUPLICATE_METHOD_MATCH = YES;
				COPY_PHASE_STRIP = NO;
				DEBUG_INFORMATION_FORMAT = dwarf;
				ENABLE_STRICT_OBJC_MSGSEND = YES;
				ENABLE_TESTABILITY = YES;
				GCC_C_LANGUAGE_STANDARD = gnu11;
				GCC_DYNAMIC_NO_PIC = NO;
				GCC_NO_COMMON_BLOCKS = YES;
				GCC_OPTIMIZATION_LEVEL = 0;
				GCC_PREPROCESSOR_DEFINITIONS = (
					"DEBUG=1",
					"$(inherited)",
				);
				GCC_WARN_64_TO_32_BIT_CONVERSION = YES;
				GCC_WARN_ABOUT_RETURN_TYPE = YES_ERROR;
				GCC_WARN_UNDECLARED_SELECTOR = YES;
				GCC_WARN_UNINITIALIZED_AUTOS = YES_AGGRESSIVE;
				GCC_WARN_UNUSED_FUNCTION = YES;
				GCC_WARN_UNUSED_VARIABLE = YES;
				IPHONEOS_DEPLOYMENT_TARGET = 16.2;
				MTL_ENABLE_DEBUG_INFO = INCLUDE_SOURCE;
				MTL_FAST_MATH = YES;
				ONLY_ACTIVE_ARCH = YES;
				SDKROOT = iphoneos;
				SWIFT_ACTIVE_COMPILATION_CONDITIONS = DEBUG;
				SWIFT_OPTIMIZATION_LEVEL = "-Onone";
			};
			name = Debug;
		};
		CF74E40D29C2F09B0089F656 /* Release */ = {
			isa = XCBuildConfiguration;
			buildSettings = {
				ALWAYS_SEARCH_USER_PATHS = NO;
				CLANG_ANALYZER_NONNULL = YES;
				CLANG_ANALYZER_NUMBER_OBJECT_CONVERSION = YES_AGGRESSIVE;
				CLANG_CXX_LANGUAGE_STANDARD = "gnu++20";
				CLANG_ENABLE_MODULES = YES;
				CLANG_ENABLE_OBJC_ARC = YES;
				CLANG_ENABLE_OBJC_WEAK = YES;
				CLANG_WARN_BLOCK_CAPTURE_AUTORELEASING = YES;
				CLANG_WARN_BOOL_CONVERSION = YES;
				CLANG_WARN_COMMA = YES;
				CLANG_WARN_CONSTANT_CONVERSION = YES;
				CLANG_WARN_DEPRECATED_OBJC_IMPLEMENTATIONS = YES;
				CLANG_WARN_DIRECT_OBJC_ISA_USAGE = YES_ERROR;
				CLANG_WARN_DOCUMENTATION_COMMENTS = YES;
				CLANG_WARN_EMPTY_BODY = YES;
				CLANG_WARN_ENUM_CONVERSION = YES;
				CLANG_WARN_INFINITE_RECURSION = YES;
				CLANG_WARN_INT_CONVERSION = YES;
				CLANG_WARN_NON_LITERAL_NULL_CONVERSION = YES;
				CLANG_WARN_OBJC_IMPLICIT_RETAIN_SELF = YES;
				CLANG_WARN_OBJC_LITERAL_CONVERSION = YES;
				CLANG_WARN_OBJC_ROOT_CLASS = YES_ERROR;
				CLANG_WARN_QUOTED_INCLUDE_IN_FRAMEWORK_HEADER = YES;
				CLANG_WARN_RANGE_LOOP_ANALYSIS = YES;
				CLANG_WARN_STRICT_PROTOTYPES = YES;
				CLANG_WARN_SUSPICIOUS_MOVE = YES;
				CLANG_WARN_UNGUARDED_AVAILABILITY = YES_AGGRESSIVE;
				CLANG_WARN_UNREACHABLE_CODE = YES;
				CLANG_WARN__DUPLICATE_METHOD_MATCH = YES;
				COPY_PHASE_STRIP = NO;
				DEBUG_INFORMATION_FORMAT = "dwarf-with-dsym";
				ENABLE_NS_ASSERTIONS = NO;
				ENABLE_STRICT_OBJC_MSGSEND = YES;
				GCC_C_LANGUAGE_STANDARD = gnu11;
				GCC_NO_COMMON_BLOCKS = YES;
				GCC_WARN_64_TO_32_BIT_CONVERSION = YES;
				GCC_WARN_ABOUT_RETURN_TYPE = YES_ERROR;
				GCC_WARN_UNDECLARED_SELECTOR = YES;
				GCC_WARN_UNINITIALIZED_AUTOS = YES_AGGRESSIVE;
				GCC_WARN_UNUSED_FUNCTION = YES;
				GCC_WARN_UNUSED_VARIABLE = YES;
				IPHONEOS_DEPLOYMENT_TARGET = 16.2;
				MTL_ENABLE_DEBUG_INFO = NO;
				MTL_FAST_MATH = YES;
				SDKROOT = iphoneos;
				SWIFT_COMPILATION_MODE = wholemodule;
				SWIFT_OPTIMIZATION_LEVEL = "-O";
				VALIDATE_PRODUCT = YES;
			};
			name = Release;
		};
		CF74E40F29C2F09B0089F656 /* Debug */ = {
			isa = XCBuildConfiguration;
			buildSettings = {
				ASSETCATALOG_COMPILER_APPICON_NAME = AppIcon;
				ASSETCATALOG_COMPILER_GLOBAL_ACCENT_COLOR_NAME = AccentColor;
				CODE_SIGN_STYLE = Automatic;
				CURRENT_PROJECT_VERSION = 1;
				DEVELOPMENT_TEAM = F54VLCC48K;
				GENERATE_INFOPLIST_FILE = YES;
				INFOPLIST_FILE = Notes/Info.plist;
				INFOPLIST_KEY_UIApplicationSupportsIndirectInputEvents = YES;
				INFOPLIST_KEY_UILaunchStoryboardName = LaunchScreen;
				INFOPLIST_KEY_UIMainStoryboardFile = Main;
				INFOPLIST_KEY_UISupportedInterfaceOrientations_iPad = "UIInterfaceOrientationPortrait UIInterfaceOrientationPortraitUpsideDown UIInterfaceOrientationLandscapeLeft UIInterfaceOrientationLandscapeRight";
				INFOPLIST_KEY_UISupportedInterfaceOrientations_iPhone = "UIInterfaceOrientationPortrait UIInterfaceOrientationLandscapeLeft UIInterfaceOrientationLandscapeRight";
				LD_RUNPATH_SEARCH_PATHS = (
					"$(inherited)",
					"@executable_path/Frameworks",
				);
				MARKETING_VERSION = 1.0;
				PRODUCT_BUNDLE_IDENTIFIER = com.Diamond23dd2323wd23dddwdwdDenim123.Notes;
				PRODUCT_NAME = "$(TARGET_NAME)";
				SWIFT_EMIT_LOC_STRINGS = YES;
				SWIFT_VERSION = 5.0;
				TARGETED_DEVICE_FAMILY = "1,2";
			};
			name = Debug;
		};
		CF74E41029C2F09B0089F656 /* Release */ = {
			isa = XCBuildConfiguration;
			buildSettings = {
				ASSETCATALOG_COMPILER_APPICON_NAME = AppIcon;
				ASSETCATALOG_COMPILER_GLOBAL_ACCENT_COLOR_NAME = AccentColor;
				CODE_SIGN_STYLE = Automatic;
				CURRENT_PROJECT_VERSION = 1;
				DEVELOPMENT_TEAM = F54VLCC48K;
				GENERATE_INFOPLIST_FILE = YES;
				INFOPLIST_FILE = Notes/Info.plist;
				INFOPLIST_KEY_UIApplicationSupportsIndirectInputEvents = YES;
				INFOPLIST_KEY_UILaunchStoryboardName = LaunchScreen;
				INFOPLIST_KEY_UIMainStoryboardFile = Main;
				INFOPLIST_KEY_UISupportedInterfaceOrientations_iPad = "UIInterfaceOrientationPortrait UIInterfaceOrientationPortraitUpsideDown UIInterfaceOrientationLandscapeLeft UIInterfaceOrientationLandscapeRight";
				INFOPLIST_KEY_UISupportedInterfaceOrientations_iPhone = "UIInterfaceOrientationPortrait UIInterfaceOrientationLandscapeLeft UIInterfaceOrientationLandscapeRight";
				LD_RUNPATH_SEARCH_PATHS = (
					"$(inherited)",
					"@executable_path/Frameworks",
				);
				MARKETING_VERSION = 1.0;
				PRODUCT_BUNDLE_IDENTIFIER = com.Diamond23dd2323wd23dddwdwdDenim123.Notes;
				PRODUCT_NAME = "$(TARGET_NAME)";
				SWIFT_EMIT_LOC_STRINGS = YES;
				SWIFT_VERSION = 5.0;
				TARGETED_DEVICE_FAMILY = "1,2";
			};
			name = Release;
		};
/* End XCBuildConfiguration section */

/* Begin XCConfigurationList section */
		CF74E3F229C2F0990089F656 /* Build configuration list for PBXProject "Notes" */ = {
			isa = XCConfigurationList;
			buildConfigurations = (
				CF74E40C29C2F09B0089F656 /* Debug */,
				CF74E40D29C2F09B0089F656 /* Release */,
			);
			defaultConfigurationIsVisible = 0;
			defaultConfigurationName = Release;
		};
		CF74E40E29C2F09B0089F656 /* Build configuration list for PBXNativeTarget "Notes" */ = {
			isa = XCConfigurationList;
			buildConfigurations = (
				CF74E40F29C2F09B0089F656 /* Debug */,
				CF74E41029C2F09B0089F656 /* Release */,
			);
			defaultConfigurationIsVisible = 0;
			defaultConfigurationName = Release;
		};
/* End XCConfigurationList section */

/* Begin XCVersionGroup section */
		CF74E40329C2F0990089F656 /* Notes.xcdatamodeld */ = {
			isa = XCVersionGroup;
			children = (
				CF74E40429C2F0990089F656 /* Notes.xcdatamodel */,
			);
			currentVersion = CF74E40429C2F0990089F656 /* Notes.xcdatamodel */;
			path = Notes.xcdatamodeld;
			sourceTree = "<group>";
			versionGroupType = wrapper.xcdatamodel;
		};
/* End XCVersionGroup section */
	};
	rootObject = CF74E3EF29C2F0990089F656 /* Project object */;
}
